<?xml version="1.0" encoding="utf-8"?>
<Project ToolsVersion="4.0" xmlns="http://schemas.microsoft.com/developer/msbuild/2003">
  <ItemGroup>
    <Filter Include="Source Files">
      <UniqueIdentifier>{4FC737F1-C7A5-4376-A066-2A32D752A2FF}</UniqueIdentifier>
      <Extensions>cpp;c;cc;cxx;c++;cppm;ixx;def;odl;idl;hpj;bat;asm;asmx</Extensions>
    </Filter>
    <Filter Include="Header Files">
      <UniqueIdentifier>{93995380-89BD-4b04-88EB-625FBE52EBFB}</UniqueIdentifier>
      <Extensions>h;hh;hpp;hxx;h++;hm;inl;inc;ipp;xsd</Extensions>
    </Filter>
    <Filter Include="Resource Files">
      <UniqueIdentifier>{67DA6AB6-F800-4c08-8B7A-83BB121AAD01}</UniqueIdentifier>
      <Extensions>rc;ico;cur;bmp;dlg;rc2;rct;bin;rgs;gif;jpg;jpeg;jpe;resx;tiff;tif;png;wav;mfcribbon-ms</Extensions>
    </Filter>
    <Filter Include="Header Files\include">
      <UniqueIdentifier>{c4da2081-5d39-46a3-a93e-742b84f4bb7a}</UniqueIdentifier>
    </Filter>
    <Filter Include="Header Files\include\dut">
      <UniqueIdentifier>{dc44973d-ec39-472b-90f5-59ab0e278df6}</UniqueIdentifier>
    </Filter>
  </ItemGroup>
  <ItemGroup>
    <ClInclude Include="Protocol.h">
      <Filter>Header Files</Filter>
    </ClInclude>
    <ClInclude Include="Message.h">
      <Filter>Header Files</Filter>
    </ClInclude>
    <ClInclude Include="DutMessage.h">
      <Filter>Header Files</Filter>
    </ClInclude>
    <ClInclude Include="Payload.h">
      <Filter>Header Files</Filter>
    </ClInclude>
    <ClInclude Include="DutDriverFwGeneralMsg.h">
      <Filter>Header Files</Filter>
    </ClInclude>
    <ClInclude Include="CombinedVersion.h">
      <Filter>Header Files</Filter>
    </ClInclude>
    <ClInclude Include="include\dut\AntennaMask.h">
      <Filter>Header Files\include\dut</Filter>
    </ClInclude>
    <ClInclude Include="Exceptions.h">
      <Filter>Header Files</Filter>
    </ClInclude>
    <ClInclude Include="include\dut\Dut.h">
      <Filter>Header Files\include\dut</Filter>
    </ClInclude>
    <ClInclude Include="include\dut\Country.h">
      <Filter>Header Files\include\dut</Filter>
    </ClInclude>
    <ClInclude Include="Rates.h">
      <Filter>Header Files</Filter>
    </ClInclude>
    <ClInclude Include="include\dut\Types.h">
      <Filter>Header Files\include\dut</Filter>
    </ClInclude>
    <ClInclude Include="include\dut\Connection.h">
      <Filter>Header Files\include\dut</Filter>
    </ClInclude>
    <ClInclude Include="Transmitter.h">
      <Filter>Header Files</Filter>
    </ClInclude>
    <ClInclude Include="Cis.h">
      <Filter>Header Files</Filter>
    </ClInclude>
    <ClInclude Include="Messenger.h">
      <Filter>Header Files</Filter>
    </ClInclude>
    <ClInclude Include="RawMessage.h">
      <Filter>Header Files</Filter>
    </ClInclude>
    <ClInclude Include="CalibrationFile.h">
      <Filter>Header Files</Filter>
    </ClInclude>
    <ClInclude Include="CalibrationFileVer6.h">
      <Filter>Header Files</Filter>
    </ClInclude>
    <ClInclude Include="include\dut\ConnectionImpl.h">
      <Filter>Header Files\include\dut</Filter>
    </ClInclude>
    <ClInclude Include="CalibrationFileFactory.h">
      <Filter>Header Files</Filter>
    </ClInclude>
    <ClInclude Include="ResizableBuffer.h">
      <Filter>Header Files</Filter>
    </ClInclude>
    <ClInclude Include="include\dut\Buffer.h">
      <Filter>Header Files\include\dut</Filter>
    </ClInclude>
    <ClInclude Include="Bits.h">
      <Filter>Header Files</Filter>
    </ClInclude>
    <ClInclude Include="NonVolatileMemory.h">
      <Filter>Header Files</Filter>
    </ClInclude>
    <ClInclude Include="include\dut\Logger.h">
      <Filter>Header Files\include\dut</Filter>
    </ClInclude>
    <ClInclude Include="include\dut\StreamLogger.h">
      <Filter>Header Files\include\dut</Filter>
    </ClInclude>
    <ClInclude Include="include\dut\WindowsConsoleLogger.h">
      <Filter>Header Files\include\dut</Filter>
    </ClInclude>
    <ClInclude Include="VersionInfo.h">
      <Filter>Header Files</Filter>
    </ClInclude>
    <ClInclude Include="DeviceNvm.h">
      <Filter>Header Files</Filter>
    </ClInclude>
    <ClInclude Include="include\dut\API.h">
      <Filter>Header Files\include\dut</Filter>
    </ClInclude>
    <ClInclude Include="include\dut\DutImpl.h">
      <Filter>Header Files\include\dut</Filter>
    </ClInclude>
    <ClInclude Include="include\dut\WinSockInit.h">
      <Filter>Header Files\include\dut</Filter>
    </ClInclude>
    <ClInclude Include="include\dut\Tools.h">
      <Filter>Header Files\include\dut</Filter>
    </ClInclude>
    <ClInclude Include="include\dut\Client.h">
      <Filter>Header Files\include\dut</Filter>
    </ClInclude>
    <ClInclude Include="include\dut\ClientImpl.h">
      <Filter>Header Files\include\dut</Filter>
    </ClInclude>
    <ClInclude Include="include\dut\ClientMock.h">
      <Filter>Header Files\include\dut</Filter>
    </ClInclude>
    <ClInclude Include="include\dut\DutMock.h">
      <Filter>Header Files\include\dut</Filter>
    </ClInclude>
    <ClInclude Include="include\dut\ConnectionMock.h">
      <Filter>Header Files\include\dut</Filter>
    </ClInclude>
    <ClInclude Include="Status.h">
      <Filter>Header Files</Filter>
    </ClInclude>
    <ClInclude Include="CalibrationFileImpl.h">
      <Filter>Header Files</Filter>
    </ClInclude>
    <ClInclude Include="CalibrationFileVer7.h">
      <Filter>Header Files</Filter>
    </ClInclude>
    <ClInclude Include="include\dut\Channels.h">
      <Filter>Header Files\include\dut</Filter>
    </ClInclude>
    <ClInclude Include="FixedSizeBuffer.h">
      <Filter>Header Files</Filter>
    </ClInclude>
    <ClInclude Include="SharedHeaders.h">
      <Filter>Header Files</Filter>
    </ClInclude>
    <ClInclude Include="CyclicPrefixMode.h">
      <Filter>Header Files</Filter>
    </ClInclude>
    <ClInclude Include="CalibrationData.h">
      <Filter>Header Files</Filter>
    </ClInclude>
    <ClInclude Include="RssiCalibrationData.h">
      <Filter>Header Files</Filter>
    </ClInclude>
    <ClInclude Include="RssiCalibrationDataVer6.h">
      <Filter>Header Files</Filter>
    </ClInclude>
    <ClInclude Include="RssiCalibrationDataVer6_7.h">
      <Filter>Header Files</Filter>
    </ClInclude>
    <ClInclude Include="RssiCalibrationDataVer7.h">
      <Filter>Header Files</Filter>
    </ClInclude>
    <ClInclude Include="TssiCalibrationData.h">
      <Filter>Header Files</Filter>
    </ClInclude>
    <ClInclude Include="TssiCalibrationDataVer6.h">
      <Filter>Header Files</Filter>
    </ClInclude>
    <ClInclude Include="TssiCalibrationDataVer6_7.h">
      <Filter>Header Files</Filter>
    </ClInclude>
    <ClInclude Include="TssiCalibrationDataVer7.h">
      <Filter>Header Files</Filter>
    </ClInclude>
    <ClInclude Include="BeamformingUtils.h">
      <Filter>Header Files</Filter>
    </ClInclude>
    <ClInclude Include="HardwareUtils.h">
      <Filter>Header Files</Filter>
    </ClInclude>
  </ItemGroup>
  <ItemGroup>
    <ClCompile Include="ConnectionImpl.cpp">
      <Filter>Source Files</Filter>
    </ClCompile>
    <ClCompile Include="Protocol.cpp">
      <Filter>Source Files</Filter>
    </ClCompile>
    <ClCompile Include="WinSockInit.cpp">
      <Filter>Source Files</Filter>
    </ClCompile>
    <ClCompile Include="ClientImpl.cpp">
      <Filter>Source Files</Filter>
    </ClCompile>
    <ClCompile Include="DutImpl.cpp">
      <Filter>Source Files</Filter>
    </ClCompile>
    <ClCompile Include="DutMessage.cpp">
      <Filter>Source Files</Filter>
    </ClCompile>
    <ClCompile Include="DutDriverFwGeneralMsg.cpp">
      <Filter>Source Files</Filter>
    </ClCompile>
    <ClCompile Include="CombinedVersion.cpp">
      <Filter>Source Files</Filter>
    </ClCompile>
    <ClCompile Include="Messenger.cpp">
      <Filter>Source Files</Filter>
    </ClCompile>
    <ClCompile Include="RawMessage.cpp">
      <Filter>Source Files</Filter>
    </ClCompile>
    <ClCompile Include="DeviceNvm.cpp">
      <Filter>Source Files</Filter>
    </ClCompile>
    <ClCompile Include="Country.cpp">
      <Filter>Source Files</Filter>
    </ClCompile>
    <ClCompile Include="Rates.cpp">
      <Filter>Source Files</Filter>
    </ClCompile>
    <ClCompile Include="Transmitter.cpp">
      <Filter>Source Files</Filter>
    </ClCompile>
    <ClCompile Include="Tools.cpp">
      <Filter>Source Files</Filter>
    </ClCompile>
    <ClCompile Include="CalibrationFileVer6.cpp">
      <Filter>Source Files</Filter>
    </ClCompile>
    <ClCompile Include="CalibrationFileFactory.cpp">
      <Filter>Source Files</Filter>
    </ClCompile>
    <ClCompile Include="Cis.cpp">
      <Filter>Source Files</Filter>
    </ClCompile>
    <ClCompile Include="RssiCalibrationDataVer6.cpp">
      <Filter>Source Files</Filter>
    </ClCompile>
    <ClCompile Include="ResizableBuffer.cpp">
      <Filter>Source Files</Filter>
    </ClCompile>
    <ClCompile Include="DutTssi.cpp">
      <Filter>Source Files</Filter>
    </ClCompile>
    <ClCompile Include="DutRssi.cpp">
      <Filter>Source Files</Filter>
    </ClCompile>
    <ClCompile Include="StreamLogger.cpp">
      <Filter>Source Files</Filter>
    </ClCompile>
    <ClCompile Include="WindowsConsoleLogger.cpp">
      <Filter>Source Files</Filter>
    </ClCompile>
    <ClCompile Include="Logger.cpp">
      <Filter>Source Files</Filter>
    </ClCompile>
    <ClCompile Include="CyclicPrefixMode.cpp">
      <Filter>Source Files</Filter>
    </ClCompile>
    <ClCompile Include="Dut.cpp">
      <Filter>Source Files</Filter>
    </ClCompile>
    <ClCompile Include="Status.cpp">
      <Filter>Source Files</Filter>
    </ClCompile>
    <ClCompile Include="CalibrationFileImpl.cpp">
      <Filter>Source Files</Filter>
    </ClCompile>
    <ClCompile Include="RssiCalibrationDataVer6_7.cpp">
      <Filter>Source Files</Filter>
    </ClCompile>
    <ClCompile Include="Bits.cpp">
      <Filter>Source Files</Filter>
    </ClCompile>
    <ClCompile Include="CalibrationFileVer7.cpp">
      <Filter>Source Files</Filter>
    </ClCompile>
    <ClCompile Include="RssiCalibrationDataVer7.cpp">
      <Filter>Source Files</Filter>
    </ClCompile>
    <ClCompile Include="Channels.cpp">
      <Filter>Source Files</Filter>
    </ClCompile>
    <ClCompile Include="TssiCalibrationDataVer6_7.cpp">
      <Filter>Source Files</Filter>
    </ClCompile>
    <ClCompile Include="BeamformingUtils.cpp">
      <Filter>Source Files</Filter>
    </ClCompile>
    <ClCompile Include="HardwareUtils.cpp">
      <Filter>Source Files</Filter>
    </ClCompile>
  </ItemGroup>
</Project>