<?xml version="1.0" encoding="utf-8"?>
<Project ToolsVersion="4.0" xmlns="http://schemas.microsoft.com/developer/msbuild/2003">
  <ItemGroup>
    <Filter Include="Source Files">
      <UniqueIdentifier>{4FC737F1-C7A5-4376-A066-2A32D752A2FF}</UniqueIdentifier>
      <Extensions>cpp;c;cc;cxx;c++;cppm;ixx;def;odl;idl;hpj;bat;asm;asmx</Extensions>
    </Filter>
    <Filter Include="Header Files">
      <UniqueIdentifier>{93995380-89BD-4b04-88EB-625FBE52EBFB}</UniqueIdentifier>
      <Extensions>h;hh;hpp;hxx;h++;hm;inl;inc;ipp;xsd</Extensions>
    </Filter>
    <Filter Include="Resource Files">
      <UniqueIdentifier>{67DA6AB6-F800-4c08-8B7A-83BB121AAD01}</UniqueIdentifier>
      <Extensions>rc;ico;cur;bmp;dlg;rc2;rct;bin;rgs;gif;jpg;jpeg;jpe;resx;tiff;tif;png;wav;mfcribbon-ms</Extensions>
    </Filter>
  </ItemGroup>
  <ItemGroup>
    <ClCompile Include="dllmain.cpp">
      <Filter>Source Files</Filter>
    </ClCompile>
    <ClCompile Include="..\dut_lib\CalibrationFileFactory.cpp">
      <Filter>Source Files</Filter>
    </ClCompile>
    <ClCompile Include="..\dut_lib\CalibrationFileVer6.cpp">
      <Filter>Source Files</Filter>
    </ClCompile>
    <ClCompile Include="..\dut_lib\Cis.cpp">
      <Filter>Source Files</Filter>
    </ClCompile>
    <ClCompile Include="..\dut_lib\ClientImpl.cpp">
      <Filter>Source Files</Filter>
    </ClCompile>
    <ClCompile Include="..\dut_lib\CombinedVersion.cpp">
      <Filter>Source Files</Filter>
    </ClCompile>
    <ClCompile Include="..\dut_lib\ConnectionImpl.cpp">
      <Filter>Source Files</Filter>
    </ClCompile>
    <ClCompile Include="..\dut_lib\Country.cpp">
      <Filter>Source Files</Filter>
    </ClCompile>
    <ClCompile Include="..\dut_lib\CyclicPrefixMode.cpp">
      <Filter>Source Files</Filter>
    </ClCompile>
    <ClCompile Include="..\dut_lib\DeviceNvm.cpp">
      <Filter>Source Files</Filter>
    </ClCompile>
    <ClCompile Include="..\dut_lib\Dut.cpp">
      <Filter>Source Files</Filter>
    </ClCompile>
    <ClCompile Include="..\dut_lib\DutDriverFwGeneralMsg.cpp">
      <Filter>Source Files</Filter>
    </ClCompile>
    <ClCompile Include="..\dut_lib\DutImpl.cpp">
      <Filter>Source Files</Filter>
    </ClCompile>
    <ClCompile Include="..\dut_lib\DutMessage.cpp">
      <Filter>Source Files</Filter>
    </ClCompile>
    <ClCompile Include="..\dut_lib\DutRssi.cpp">
      <Filter>Source Files</Filter>
    </ClCompile>
    <ClCompile Include="..\dut_lib\DutTssi.cpp">
      <Filter>Source Files</Filter>
    </ClCompile>
    <ClCompile Include="..\dut_lib\Logger.cpp">
      <Filter>Source Files</Filter>
    </ClCompile>
    <ClCompile Include="..\dut_lib\Messenger.cpp">
      <Filter>Source Files</Filter>
    </ClCompile>
    <ClCompile Include="..\dut_lib\Protocol.cpp">
      <Filter>Source Files</Filter>
    </ClCompile>
    <ClCompile Include="..\dut_lib\Rates.cpp">
      <Filter>Source Files</Filter>
    </ClCompile>
    <ClCompile Include="..\dut_lib\RawMessage.cpp">
      <Filter>Source Files</Filter>
    </ClCompile>
    <ClCompile Include="..\dut_lib\ResizableBuffer.cpp">
      <Filter>Source Files</Filter>
    </ClCompile>
    <ClCompile Include="..\dut_lib\RssiCalibrationDataVer6.cpp">
      <Filter>Source Files</Filter>
    </ClCompile>
    <ClCompile Include="..\dut_lib\StreamLogger.cpp">
      <Filter>Source Files</Filter>
    </ClCompile>
    <ClCompile Include="..\dut_lib\Tools.cpp">
      <Filter>Source Files</Filter>
    </ClCompile>
    <ClCompile Include="..\dut_lib\Transmitter.cpp">
      <Filter>Source Files</Filter>
    </ClCompile>
    <ClCompile Include="..\dut_lib\WindowsConsoleLogger.cpp">
      <Filter>Source Files</Filter>
    </ClCompile>
    <ClCompile Include="..\dut_lib\WinSockInit.cpp">
      <Filter>Source Files</Filter>
    </ClCompile>
    <ClCompile Include="..\dut_lib\Channels.cpp">
      <Filter>Source Files</Filter>
    </ClCompile>
    <ClCompile Include="..\dut_lib\RssiCalibrationDataVer6_7.cpp">
      <Filter>Source Files</Filter>
    </ClCompile>
    <ClCompile Include="..\dut_lib\RssiCalibrationDataVer7.cpp">
      <Filter>Source Files</Filter>
    </ClCompile>
    <ClCompile Include="..\dut_lib\TssiCalibrationDataVer6_7.cpp">
      <Filter>Source Files</Filter>
    </ClCompile>
    <ClCompile Include="..\dut_lib\CalibrationFileVer7.cpp">
      <Filter>Source Files</Filter>
    </ClCompile>
    <ClCompile Include="..\dut_lib\CalibrationFileImpl.cpp">
      <Filter>Source Files</Filter>
    </ClCompile>
  </ItemGroup>
  <ItemGroup>
    <ResourceCompile Include="Resource.rc">
      <Filter>Resource Files</Filter>
    </ResourceCompile>
  </ItemGroup>
  <ItemGroup>
    <ClInclude Include="resource1.h">
      <Filter>Header Files</Filter>
    </ClInclude>
  </ItemGroup>
</Project>