<?xml version="1.0" encoding="utf-8"?>
<Project ToolsVersion="4.0" xmlns="http://schemas.microsoft.com/developer/msbuild/2003">
  <ItemGroup>
    <Filter Include="include">
      <UniqueIdentifier>{24e04996-af4c-4d2e-84ed-226439470139}</UniqueIdentifier>
    </Filter>
    <Filter Include="src">
      <UniqueIdentifier>{076b285c-eaf8-44ff-9a10-26ea5ee6be02}</UniqueIdentifier>
    </Filter>
    <Filter Include="src\me">
      <UniqueIdentifier>{1cbc6d48-4095-45ca-b958-ffc47629585d}</UniqueIdentifier>
    </Filter>
  </ItemGroup>
  <ItemGroup>
    <ClInclude Include="..\include\pon_net_register.h">
      <Filter>include</Filter>
    </ClInclude>
    <ClInclude Include="..\src\me\pon_net_gem_port_network_ctp.h">
      <Filter>src\me</Filter>
    </ClInclude>
    <ClInclude Include="..\src\me\pon_net_mac_bridge_port_filter_preassign_table.h">
      <Filter>src\me</Filter>
    </ClInclude>
    <ClInclude Include="..\src\pon_net_common.h">
      <Filter>src</Filter>
    </ClInclude>
    <ClInclude Include="..\src\pon_net_debug.h">
      <Filter>src</Filter>
    </ClInclude>
    <ClInclude Include="..\src\pon_net_dev_db.h">
      <Filter>src</Filter>
    </ClInclude>
    <ClInclude Include="..\src\pon_net_dev_defs.h">
      <Filter>src</Filter>
    </ClInclude>
    <ClInclude Include="..\src\pon_net_ethtool.h">
      <Filter>src</Filter>
    </ClInclude>
    <ClInclude Include="..\src\pon_net_event.h">
      <Filter>src</Filter>
    </ClInclude>
    <ClInclude Include="..\src\pon_net_ext_vlan_filter_def.h">
      <Filter>src</Filter>
    </ClInclude>
    <ClInclude Include="..\src\pon_net_ext_vlan_rules.h">
      <Filter>src</Filter>
    </ClInclude>
    <ClInclude Include="..\src\pon_net_ext_vlan_table.h">
      <Filter>src</Filter>
    </ClInclude>
    <ClInclude Include="..\src\pon_net_extern.h">
      <Filter>src</Filter>
    </ClInclude>
    <ClInclude Include="..\src\pon_net_init.h">
      <Filter>src</Filter>
    </ClInclude>
    <ClInclude Include="..\src\pon_net_mapper_table.h">
      <Filter>src</Filter>
    </ClInclude>
    <ClInclude Include="..\src\pon_net_mcc_core.h">
      <Filter>src</Filter>
    </ClInclude>
    <ClInclude Include="..\src\pon_net_me_list.h">
      <Filter>src</Filter>
    </ClInclude>
    <ClInclude Include="..\src\pon_net_netlink.h">
      <Filter>src</Filter>
    </ClInclude>
    <ClInclude Include="..\src\pon_net_netlink_debug.h">
      <Filter>src</Filter>
    </ClInclude>
    <ClInclude Include="..\src\pon_net_os.h">
      <Filter>src</Filter>
    </ClInclude>
    <ClInclude Include="..\src\pon_net_pool.h">
      <Filter>src</Filter>
    </ClInclude>
    <ClInclude Include="..\src\pon_net_qdisc.h">
      <Filter>src</Filter>
    </ClInclude>
    <ClInclude Include="..\src\pon_net_qdisc_build.h">
      <Filter>src</Filter>
    </ClInclude>
    <ClInclude Include="..\src\pon_net_rtnl.h">
      <Filter>src</Filter>
    </ClInclude>
    <ClInclude Include="..\src\pon_net_tc_filter.h">
      <Filter>src</Filter>
    </ClInclude>
    <ClInclude Include="..\src\pon_net_uni.h">
      <Filter>src</Filter>
    </ClInclude>
    <ClInclude Include="..\src\pon_net_vlan_aware_bridging.h">
      <Filter>src</Filter>
    </ClInclude>
    <ClInclude Include="..\src\pon_net_vlan_flow.h">
      <Filter>src</Filter>
    </ClInclude>
  </ItemGroup>
  <ItemGroup>
    <None Include="..\ChangeLog" />
    <None Include="..\configure.ac" />
    <None Include="..\Makefile.am" />
    <None Include="..\README.md" />
    <None Include="..\src\Makefile.am">
      <Filter>src</Filter>
    </None>
    <None Include="..\src\Makefile.in">
      <Filter>src</Filter>
    </None>
    <None Include="..\src\pon_net_config.h.in">
      <Filter>src</Filter>
    </None>
  </ItemGroup>
  <ItemGroup>
    <ClCompile Include="..\src\me\pon_net_dot1p_mapper.c">
      <Filter>src\me</Filter>
    </ClCompile>
    <ClCompile Include="..\src\me\pon_net_ethernet_pmhd.c">
      <Filter>src\me</Filter>
    </ClCompile>
    <ClCompile Include="..\src\me\pon_net_ext_vlan.c">
      <Filter>src\me</Filter>
    </ClCompile>
    <ClCompile Include="..\src\me\pon_net_gal_eth_profile.c">
      <Filter>src\me</Filter>
    </ClCompile>
    <ClCompile Include="..\src\me\pon_net_gem_interworking_tp.c">
      <Filter>src\me</Filter>
    </ClCompile>
    <ClCompile Include="..\src\me\pon_net_gem_port_network_ctp.c">
      <Filter>src\me</Filter>
    </ClCompile>
    <ClCompile Include="..\src\me\pon_net_ip_host.c">
      <Filter>src\me</Filter>
    </ClCompile>
    <ClCompile Include="..\src\me\pon_net_mac_bridge_port_bridge_table_data.c">
      <Filter>src\me</Filter>
    </ClCompile>
    <ClCompile Include="..\src\me\pon_net_mac_bridge_port_config_data.c">
      <Filter>src\me</Filter>
    </ClCompile>
    <ClCompile Include="..\src\me\pon_net_mac_bridge_port_filter_preassign_table.c">
      <Filter>src\me</Filter>
    </ClCompile>
    <ClCompile Include="..\src\me\pon_net_mac_bridge_service_profile.c">
      <Filter>src\me</Filter>
    </ClCompile>
    <ClCompile Include="..\src\me\pon_net_multicast_gem_interworking_tp.c">
      <Filter>src\me</Filter>
    </ClCompile>
    <ClCompile Include="..\src\me\pon_net_multicast_operations_profile.c">
      <Filter>src\me</Filter>
    </ClCompile>
    <ClCompile Include="..\src\me\pon_net_onu_g.c">
      <Filter>src\me</Filter>
    </ClCompile>
    <ClCompile Include="..\src\me\pon_net_onu2_g.c">
      <Filter>src\me</Filter>
    </ClCompile>
    <ClCompile Include="..\src\me\pon_net_pptp_ethernet_uni.c">
      <Filter>src\me</Filter>
    </ClCompile>
    <ClCompile Include="..\src\me\pon_net_pptp_lct_uni.c">
      <Filter>src\me</Filter>
    </ClCompile>
    <ClCompile Include="..\src\me\pon_net_priority_queue.c">
      <Filter>src\me</Filter>
    </ClCompile>
    <ClCompile Include="..\src\me\pon_net_tcont.c">
      <Filter>src\me</Filter>
    </ClCompile>
    <ClCompile Include="..\src\me\pon_net_traffic_descriptor.c">
      <Filter>src\me</Filter>
    </ClCompile>
    <ClCompile Include="..\src\me\pon_net_traffic_scheduler.c">
      <Filter>src\me</Filter>
    </ClCompile>
    <ClCompile Include="..\src\me\pon_net_vendor_emop.c">
      <Filter>src\me</Filter>
    </ClCompile>
    <ClCompile Include="..\src\me\pon_net_virtual_ethernet_interface_point.c">
      <Filter>src\me</Filter>
    </ClCompile>
    <ClCompile Include="..\src\me\pon_net_vlan_tagging_filter_data.c">
      <Filter>src\me</Filter>
    </ClCompile>
    <ClCompile Include="..\src\me\pon_net_vlan_tagging_operation_config_data.c">
      <Filter>src\me</Filter>
    </ClCompile>
    <ClCompile Include="..\src\pon_net_common.c">
      <Filter>src</Filter>
    </ClCompile>
    <ClCompile Include="..\src\pon_net_debug.c">
      <Filter>src</Filter>
    </ClCompile>
    <ClCompile Include="..\src\pon_net_dev_db.c">
      <Filter>src</Filter>
    </ClCompile>
    <ClCompile Include="..\src\pon_net_dev_defs.c">
      <Filter>src</Filter>
    </ClCompile>
    <ClCompile Include="..\src\pon_net_ethtool.c">
      <Filter>src</Filter>
    </ClCompile>
    <ClCompile Include="..\src\pon_net_event.c">
      <Filter>src</Filter>
    </ClCompile>
    <ClCompile Include="..\src\pon_net_ext_vlan_filter_def.c">
      <Filter>src</Filter>
    </ClCompile>
    <ClCompile Include="..\src\pon_net_ext_vlan_rules.c">
      <Filter>src</Filter>
    </ClCompile>
    <ClCompile Include="..\src\pon_net_extern.c">
      <Filter>src</Filter>
    </ClCompile>
    <ClCompile Include="..\src\pon_net_init.c">
      <Filter>src</Filter>
    </ClCompile>
    <ClCompile Include="..\src\pon_net_mapper_table.c">
      <Filter>src</Filter>
    </ClCompile>
    <ClCompile Include="..\src\pon_net_mcc_core.c">
      <Filter>src</Filter>
    </ClCompile>
    <ClCompile Include="..\src\pon_net_me_list.c">
      <Filter>src</Filter>
    </ClCompile>
    <ClCompile Include="..\src\pon_net_netlink.c">
      <Filter>src</Filter>
    </ClCompile>
    <ClCompile Include="..\src\pon_net_netlink_debug.c">
      <Filter>src</Filter>
    </ClCompile>
    <ClCompile Include="..\src\pon_net_omci_msg.c">
      <Filter>src</Filter>
    </ClCompile>
    <ClCompile Include="..\src\pon_net_pool.c">
      <Filter>src</Filter>
    </ClCompile>
    <ClCompile Include="..\src\pon_net_qdisc.c">
      <Filter>src</Filter>
    </ClCompile>
    <ClCompile Include="..\src\pon_net_qdisc_build.c">
      <Filter>src</Filter>
    </ClCompile>
    <ClCompile Include="..\src\pon_net_register.c">
      <Filter>src</Filter>
    </ClCompile>
    <ClCompile Include="..\src\pon_net_rtnl.c">
      <Filter>src</Filter>
    </ClCompile>
    <ClCompile Include="..\src\pon_net_tc_filter.c">
      <Filter>src</Filter>
    </ClCompile>
    <ClCompile Include="..\src\pon_net_uni.c">
      <Filter>src</Filter>
    </ClCompile>
    <ClCompile Include="..\src\pon_net_vlan_aware_bridging.c">
      <Filter>src</Filter>
    </ClCompile>
    <ClCompile Include="..\src\pon_net_vlan_flow.c">
      <Filter>src</Filter>
    </ClCompile>
  </ItemGroup>
</Project>
