<?xml version="1.0" encoding="utf-8"?>
<Project ToolsVersion="4.0" xmlns="http://schemas.microsoft.com/developer/msbuild/2003">
  <ItemGroup>
    <Filter Include="adapter">
      <UniqueIdentifier>{9fb54615-bde3-49cd-a0db-8a2ab08cc934}</UniqueIdentifier>
    </Filter>
    <Filter Include="adapter\me">
      <UniqueIdentifier>{a53d3a56-ca24-456e-9fb8-9f9822c3b8ed}</UniqueIdentifier>
    </Filter>
    <Filter Include="cli">
      <UniqueIdentifier>{c37b9f87-9e0b-4732-8d33-31c462d8fb8d}</UniqueIdentifier>
    </Filter>
    <Filter Include="daemon">
      <UniqueIdentifier>{b6cf8690-3945-4289-ae87-2c3b7a0278a2}</UniqueIdentifier>
    </Filter>
    <Filter Include="include">
      <UniqueIdentifier>{3137c382-63f1-4a64-826c-0ef414e825db}</UniqueIdentifier>
    </Filter>
    <Filter Include="src">
      <UniqueIdentifier>{ace6400d-58dd-4674-83ee-655104de61bd}</UniqueIdentifier>
    </Filter>
  </ItemGroup>
  <ItemGroup>
    <ClCompile Include="..\adapter\fapi_pon_mapper_table.c">
      <Filter>adapter</Filter>
    </ClCompile>
    <ClCompile Include="..\adapter\fapi_pon_pa_event.c">
      <Filter>adapter</Filter>
    </ClCompile>
    <ClCompile Include="..\adapter\fapi_pon_pa_register.c">
      <Filter>adapter</Filter>
    </ClCompile>
    <ClCompile Include="..\adapter\me\fapi_pon_me_ani_g.c">
      <Filter>adapter\me</Filter>
    </ClCompile>
    <ClCompile Include="..\adapter\me\fapi_pon_me_ani_g_alarm.c">
      <Filter>adapter\me</Filter>
    </ClCompile>
    <ClCompile Include="..\adapter\me\fapi_pon_me_counters.c">
      <Filter>adapter\me</Filter>
    </ClCompile>
    <ClCompile Include="..\adapter\me\fapi_pon_me_enh_sec_ctrl.c">
      <Filter>adapter\me</Filter>
    </ClCompile>
    <ClCompile Include="..\adapter\me\fapi_pon_me_olt_g.c">
      <Filter>adapter\me</Filter>
    </ClCompile>
    <ClCompile Include="..\adapter\me\fapi_pon_me_onu_dyn_pwr_mngmt_ctrl.c">
      <Filter>adapter\me</Filter>
    </ClCompile>
    <ClCompile Include="..\adapter\me\fapi_pon_me_onu_g.c">
      <Filter>adapter\me</Filter>
    </ClCompile>
    <ClCompile Include="..\adapter\me\fapi_pon_me_twdm_channel.c">
      <Filter>adapter\me</Filter>
    </ClCompile>
    <ClCompile Include="..\adapter\me\fapi_pon_me_twdm_system_profile.c">
      <Filter>adapter\me</Filter>
    </ClCompile>
    <ClCompile Include="..\cli\fapi_pon_cli.c">
      <Filter>cli</Filter>
    </ClCompile>
    <ClCompile Include="..\cli\fapi_pon_cli_ext.c">
      <Filter>cli</Filter>
    </ClCompile>
    <ClCompile Include="..\cli\pon.c">
      <Filter>cli</Filter>
    </ClCompile>
    <ClCompile Include="..\daemon\pond.c">
      <Filter>daemon</Filter>
    </ClCompile>
    <ClCompile Include="..\src\fapi_pon_api.c">
      <Filter>src</Filter>
    </ClCompile>
    <ClCompile Include="..\src\fapi_pon_core.c">
      <Filter>src</Filter>
    </ClCompile>
    <ClCompile Include="..\src\fapi_pon_event.c">
      <Filter>src</Filter>
    </ClCompile>
    <ClCompile Include="..\adapter\fapi_pon_pa_twdm.c">
      <Filter>adapter</Filter>
    </ClCompile>
  </ItemGroup>
  <ItemGroup>
    <ClInclude Include="..\adapter\fapi_pon_mapper_table.h">
      <Filter>adapter</Filter>
    </ClInclude>
    <ClInclude Include="..\adapter\fapi_pon_pa_common.h">
      <Filter>adapter</Filter>
    </ClInclude>
    <ClInclude Include="..\adapter\fapi_pon_pa_register.h">
      <Filter>adapter</Filter>
    </ClInclude>
    <ClInclude Include="..\cli\pon_cli.h">
      <Filter>cli</Filter>
    </ClInclude>
    <ClInclude Include="..\include\fapi_pon.h">
      <Filter>include</Filter>
    </ClInclude>
    <ClInclude Include="..\include\fapi_pon_develop.h">
      <Filter>include</Filter>
    </ClInclude>
    </ClInclude>
    <ClInclude Include="..\include\fapi_pon_error.h">
      <Filter>include</Filter>
    </ClInclude>
    <ClInclude Include="..\include\fapi_pon_events.h">
      <Filter>include</Filter>
    </ClInclude>
    <ClInclude Include="..\include\fapi_pon_gpon.h">
      <Filter>include</Filter>
    </ClInclude>
    <ClInclude Include="..\src\fapi_pon_core.h">
      <Filter>src</Filter>
    </ClInclude>
    <ClInclude Include="..\src\fapi_pon_debug.h">
      <Filter>src</Filter>
    </ClInclude>
    <ClInclude Include="..\src\fapi_pon_os.h">
      <Filter>src</Filter>
    </ClInclude>
    <ClInclude Include="..\adapter\fapi_pon_pa_twdm.h">
      <Filter>adapter</Filter>
    </ClInclude>
  </ItemGroup>
  <ItemGroup>
    <None Include="..\ChangeLog" />
    <None Include="..\configure.ac" />
    <None Include="..\Makefile.am" />
    <None Include="..\README.md" />
    <None Include="..\src\Makefile.am">
      <Filter>src</Filter>
    </None>
  </ItemGroup>
</Project>