<?xml version="1.0" encoding="utf-8"?>
<Project ToolsVersion="4.0" xmlns="http://schemas.microsoft.com/developer/msbuild/2003">
  <ItemGroup>
    <Filter Include="include">
      <UniqueIdentifier>{43708946-38a4-406f-8b42-3d5f851e40bd}</UniqueIdentifier>
    </Filter>
    <Filter Include="include\epon">
      <UniqueIdentifier>{71c2f6fe-c6c2-4bd1-9688-b519c2e3bec8}</UniqueIdentifier>
    </Filter>
    <Filter Include="include\omci">
      <UniqueIdentifier>{f41d4153-c7da-4922-9887-b37e591fd16c}</UniqueIdentifier>
    </Filter>
    <Filter Include="include\omci\me">
      <UniqueIdentifier>{6b14f3ed-08d7-4a53-ba7b-3209974c49f2}</UniqueIdentifier>
    </Filter>
    <Filter Include="include\sys">
      <UniqueIdentifier>{d4fff44f-09e2-4335-a80a-ce0c1b293323}</UniqueIdentifier>
    </Filter>
    <Filter Include="self_test">
      <UniqueIdentifier>{cc2a2d53-a1a0-44f7-9294-d8175da8d45d}</UniqueIdentifier>
    </Filter>
    <Filter Include="src">
      <UniqueIdentifier>{7f05fdca-9457-473e-8780-6191971c35aa}</UniqueIdentifier>
    </Filter>
  </ItemGroup>
  <ItemGroup>
    <ClInclude Include="..\include\epon\pon_adapter_crypt.h">
      <Filter>include\epon</Filter>
    </ClInclude>
    <ClInclude Include="..\include\epon\pon_adapter_epon.h">
      <Filter>include\epon</Filter>
    </ClInclude>
    <ClInclude Include="..\include\epon\pon_adapter_mpcp.h">
      <Filter>include\epon</Filter>
    </ClInclude>
    <ClInclude Include="..\include\omci\me\pon_adapter_ani_g.h">
      <Filter>include\omci\me</Filter>
    </ClInclude>
    <ClInclude Include="..\include\omci\me\pon_adapter_call_control_pmhd.h">
      <Filter>include\omci\me</Filter>
    </ClInclude>
    <ClInclude Include="..\include\omci\me\pon_adapter_dot1p_mapper.h">
      <Filter>include\omci\me</Filter>
    </ClInclude>
    <ClInclude Include="..\include\omci\me\pon_adapter_dot1p_rate_limiter.h">
      <Filter>include\omci\me</Filter>
    </ClInclude>
    <ClInclude Include="..\include\omci\me\pon_adapter_dot1x_port_ext_pkg.h">
      <Filter>include\omci\me</Filter>
    </ClInclude>
    <ClInclude Include="..\include\omci\me\pon_adapter_energy_consumption_pmhd.h">
      <Filter>include\omci\me</Filter>
    </ClInclude>
    <ClInclude Include="..\include\omci\me\pon_adapter_enhanced_security_control.h">
      <Filter>include\omci\me</Filter>
    </ClInclude>
    <ClInclude Include="..\include\omci\me\pon_adapter_enhanced_tc_pmhd.h">
      <Filter>include\omci\me</Filter>
    </ClInclude>
    <ClInclude Include="..\include\omci\me\pon_adapter_ethernet_ds_pmhd.h">
      <Filter>include\omci\me</Filter>
    </ClInclude>
    <ClInclude Include="..\include\omci\me\pon_adapter_ethernet_extended_pmhd.h">
      <Filter>include\omci\me</Filter>
    </ClInclude>
    <ClInclude Include="..\include\omci\me\pon_adapter_ethernet_pmhd.h">
      <Filter>include\omci\me</Filter>
    </ClInclude>
    <ClInclude Include="..\include\omci\me\pon_adapter_ethernet_pmhd2.h">
      <Filter>include\omci\me</Filter>
    </ClInclude>
    <ClInclude Include="..\include\omci\me\pon_adapter_ethernet_pmhd3.h">
      <Filter>include\omci\me</Filter>
    </ClInclude>
    <ClInclude Include="..\include\omci\me\pon_adapter_ethernet_us_pmhd.h">
      <Filter>include\omci\me</Filter>
    </ClInclude>
    <ClInclude Include="..\include\omci\me\pon_adapter_ext_vlan.h">
      <Filter>include\omci\me</Filter>
    </ClInclude>
    <ClInclude Include="..\include\omci\me\pon_adapter_fec_pmhd.h">
      <Filter>include\omci\me</Filter>
    </ClInclude>
    <ClInclude Include="..\include\omci\me\pon_adapter_gal_ethernet_pmhd.h">
      <Filter>include\omci\me</Filter>
    </ClInclude>
    <ClInclude Include="..\include\omci\me\pon_adapter_gal_ethernet_profile.h">
      <Filter>include\omci\me</Filter>
    </ClInclude>
    <ClInclude Include="..\include\omci\me\pon_adapter_gem_interworking_tp.h">
      <Filter>include\omci\me</Filter>
    </ClInclude>
    <ClInclude Include="..\include\omci\me\pon_adapter_gem_port_net_ctp_pmhd.h">
      <Filter>include\omci\me</Filter>
    </ClInclude>
    <ClInclude Include="..\include\omci\me\pon_adapter_gem_port_network_ctp.h">
      <Filter>include\omci\me</Filter>
    </ClInclude>
    <ClInclude Include="..\include\omci\me\pon_adapter_gem_port_pmhd.h">
      <Filter>include\omci\me</Filter>
    </ClInclude>
    <ClInclude Include="..\include\omci\me\pon_adapter_ip_host.h">
      <Filter>include\omci\me</Filter>
    </ClInclude>
    <ClInclude Include="..\include\omci\me\pon_adapter_mac_bridge_pmhd.h">
      <Filter>include\omci\me</Filter>
    </ClInclude>
    <ClInclude Include="..\include\omci\me\pon_adapter_mac_bridge_port_bridge_table_data.h">
      <Filter>include\omci\me</Filter>
    </ClInclude>
    <ClInclude Include="..\include\omci\me\pon_adapter_mac_bridge_port_config_data.h">
      <Filter>include\omci\me</Filter>
    </ClInclude>
    <ClInclude Include="..\include\omci\me\pon_adapter_mac_bridge_port_filter_preassign_table.h">
      <Filter>include\omci\me</Filter>
    </ClInclude>
    <ClInclude Include="..\include\omci\me\pon_adapter_mac_bridge_port_filter_table_data.h">
      <Filter>include\omci\me</Filter>
    </ClInclude>
    <ClInclude Include="..\include\omci\me\pon_adapter_mac_bridge_port_pmhd.h">
      <Filter>include\omci\me</Filter>
    </ClInclude>
    <ClInclude Include="..\include\omci\me\pon_adapter_mac_bridge_service_profile.h">
      <Filter>include\omci\me</Filter>
    </ClInclude>
    <ClInclude Include="..\include\omci\me\pon_adapter_management_pmhd.h">
      <Filter>include\omci\me</Filter>
    </ClInclude>
    <ClInclude Include="..\include\omci\me\pon_adapter_multicast_gem_interworking_tp.h">
      <Filter>include\omci\me</Filter>
    </ClInclude>
    <ClInclude Include="..\include\omci\me\pon_adapter_multicast_operations_profile.h">
      <Filter>include\omci\me</Filter>
    </ClInclude>
    <ClInclude Include="..\include\omci\me\pon_adapter_olt_g.h">
      <Filter>include\omci\me</Filter>
    </ClInclude>
    <ClInclude Include="..\include\omci\me\pon_adapter_onu_dyn_pwr_mngmt_ctrl.h">
      <Filter>include\omci\me</Filter>
    </ClInclude>
    <ClInclude Include="..\include\omci\me\pon_adapter_onu_g.h">
      <Filter>include\omci\me</Filter>
    </ClInclude>
    <ClInclude Include="..\include\omci\me\pon_adapter_onu_loop_detection.h">
      <Filter>include\omci\me</Filter>
    </ClInclude>
    <ClInclude Include="..\include\omci\me\pon_adapter_onu_remote_debug.h">
      <Filter>include\omci\me</Filter>
    </ClInclude>
    <ClInclude Include="..\include\omci\me\pon_adapter_onu2_g.h">
      <Filter>include\omci\me</Filter>
    </ClInclude>
    <ClInclude Include="..\include\omci\me\pon_adapter_pptp_ethernet_uni.h">
      <Filter>include\omci\me</Filter>
    </ClInclude>
    <ClInclude Include="..\include\omci\me\pon_adapter_pptp_lct_uni.h">
      <Filter>include\omci\me</Filter>
    </ClInclude>
    <ClInclude Include="..\include\omci\me\pon_adapter_pptp_pots_uni.h">
      <Filter>include\omci\me</Filter>
    </ClInclude>
    <ClInclude Include="..\include\omci\me\pon_adapter_pptp_xdsl_uni.h">
      <Filter>include\omci\me</Filter>
    </ClInclude>
    <ClInclude Include="..\include\omci\me\pon_adapter_priority_queue.h">
      <Filter>include\omci\me</Filter>
    </ClInclude>
    <ClInclude Include="..\include\omci\me\pon_adapter_rtp_pmhd.h">
      <Filter>include\omci\me</Filter>
    </ClInclude>
    <ClInclude Include="..\include\omci\me\pon_adapter_sip_agent_config_data.h">
      <Filter>include\omci\me</Filter>
    </ClInclude>
    <ClInclude Include="..\include\omci\me\pon_adapter_sip_agent_pmhd.h">
      <Filter>include\omci\me</Filter>
    </ClInclude>
    <ClInclude Include="..\include\omci\me\pon_adapter_sip_call_init_pmhd.h">
      <Filter>include\omci\me</Filter>
    </ClInclude>
    <ClInclude Include="..\include\omci\me\pon_adapter_sip_user_data.h">
      <Filter>include\omci\me</Filter>
    </ClInclude>
    <ClInclude Include="..\include\omci\me\pon_adapter_sw_image.h">
      <Filter>include\omci\me</Filter>
    </ClInclude>
    <ClInclude Include="..\include\omci\me\pon_adapter_tcont.h">
      <Filter>include\omci\me</Filter>
    </ClInclude>
    <ClInclude Include="..\include\omci\me\pon_adapter_traffic_descriptor.h">
      <Filter>include\omci\me</Filter>
    </ClInclude>
    <ClInclude Include="..\include\omci\me\pon_adapter_traffic_scheduler.h">
      <Filter>include\omci\me</Filter>
    </ClInclude>
    <ClInclude Include="..\include\omci\me\pon_adapter_twdm_channel_ploam_pmhd.h">
      <Filter>include\omci\me</Filter>
    </ClInclude>
    <ClInclude Include="..\include\omci\me\pon_adapter_twdm_channel_tuning_pmhd.h">
      <Filter>include\omci\me</Filter>
    </ClInclude>
    <ClInclude Include="..\include\omci\me\pon_adapter_twdm_channel_xgem_pmhd.h">
      <Filter>include\omci\me</Filter>
    </ClInclude>
    <ClInclude Include="..\include\omci\me\pon_adapter_uni_g.h">
      <Filter>include\omci\me</Filter>
    </ClInclude>
    <ClInclude Include="..\include\omci\me\pon_adapter_virtual_ethernet_interface_point.h">
      <Filter>include\omci\me</Filter>
    </ClInclude>
    <ClInclude Include="..\include\omci\me\pon_adapter_vlan_tagging_filter_data.h">
      <Filter>include\omci\me</Filter>
    </ClInclude>
    <ClInclude Include="..\include\omci\me\pon_adapter_vlan_tagging_operation_config_data.h">
      <Filter>include\omci\me</Filter>
    </ClInclude>
    <ClInclude Include="..\include\omci\me\pon_adapter_voip_line_status.h">
      <Filter>include\omci\me</Filter>
    </ClInclude>
    <ClInclude Include="..\include\omci\me\pon_adapter_voip_voice_ctp.h">
      <Filter>include\omci\me</Filter>
    </ClInclude>
    <ClInclude Include="..\include\omci\me\pon_adapter_vendor_emop.h">
      <Filter>include\omci\me</Filter>
    </ClInclude>
    <ClInclude Include="..\include\omci\pon_adapter_mcc.h">
      <Filter>include\omci</Filter>
    </ClInclude>
    <ClInclude Include="..\include\omci\pon_adapter_meter.h">
      <Filter>include\omci</Filter>
    </ClInclude>
    <ClInclude Include="..\include\omci\pon_adapter_mib.h">
      <Filter>include\omci</Filter>
    </ClInclude>
    <ClInclude Include="..\include\omci\pon_adapter_msg.h">
      <Filter>include\omci</Filter>
    </ClInclude>
    <ClInclude Include="..\include\omci\pon_adapter_omci.h">
      <Filter>include\omci</Filter>
    </ClInclude>
    <ClInclude Include="..\include\omci\pon_adapter_standard_me.h">
      <Filter>include\omci</Filter>
    </ClInclude>
    <ClInclude Include="..\include\pon_adapter.h">
      <Filter>include</Filter>
    </ClInclude>
    <ClInclude Include="..\include\pon_adapter_base.h">
      <Filter>include</Filter>
    </ClInclude>
    <ClInclude Include="..\include\pon_adapter_config.h">
      <Filter>include</Filter>
    </ClInclude>
    <ClInclude Include="..\include\pon_adapter_crc.h">
      <Filter>include</Filter>
    </ClInclude>
    <ClInclude Include="..\include\pon_adapter_debug.h">
      <Filter>include</Filter>
    </ClInclude>
    <ClInclude Include="..\include\pon_adapter_debug_common.h">
      <Filter>include</Filter>
    </ClInclude>
    <ClInclude Include="..\include\pon_adapter_errno.h">
      <Filter>include</Filter>
    </ClInclude>
    <ClInclude Include="..\include\pon_adapter_event_handlers.h">
      <Filter>include</Filter>
    </ClInclude>
    <ClInclude Include="..\include\pon_adapter_mapper.h">
      <Filter>include</Filter>
    </ClInclude>
    <ClInclude Include="..\include\pon_adapter_system.h">
      <Filter>include</Filter>
    </ClInclude>
  </ItemGroup>
  <ItemGroup>
    <ClCompile Include="..\self_test\main.c">
      <Filter>self_test</Filter>
    </ClCompile>
    <ClCompile Include="..\src\pon_adapter.c">
      <Filter>src</Filter>
    </ClCompile>
    <ClCompile Include="..\src\pon_adapter_crc.c">
      <Filter>src</Filter>
    </ClCompile>
    <ClCompile Include="..\src\pon_adapter_mapper.c">
      <Filter>src</Filter>
    </ClCompile>
  </ItemGroup>
  <ItemGroup>
    <None Include="..\ChangeLog" />
    <None Include="..\include\Makefile.am">
      <Filter>include</Filter>
    </None>
    <None Include="..\src\Makefile.am">
      <Filter>src</Filter>
    </None>
  </ItemGroup>
</Project>